// !$*UTF8*$!
{
	archiveVersion = 1;
	classes = {
	};
	objectVersion = 55;
	objects = {

/* Begin PBXBuildFile section */
		471AA5CC281707AE005F2582 /* ImageOCRView.swift in Sources */ = {isa = PBXBuildFile; fileRef = 471AA5CB281707AE005F2582 /* ImageOCRView.swift */; };
		471AA5CE281707EB005F2582 /* ImageOCRViewModel.swift in Sources */ = {isa = PBXBuildFile; fileRef = 471AA5CD281707EB005F2582 /* ImageOCRViewModel.swift */; };
		471AA5D028170807005F2582 /* ImageFilterer.swift in Sources */ = {isa = PBXBuildFile; fileRef = 471AA5CF28170807005F2582 /* ImageFilterer.swift */; };
		471AA5D6281708CC005F2582 /* +UIIMage.swift in Sources */ = {isa = PBXBuildFile; fileRef = 471AA5D5281708CC005F2582 /* +UIIMage.swift */; };
		474782932816365F00B3B6C4 /* Myanmar_Lens_2App.swift in Sources */ = {isa = PBXBuildFile; fileRef = 474782922816365F00B3B6C4 /* Myanmar_Lens_2App.swift */; };
		474782952816365F00B3B6C4 /* ContentView.swift in Sources */ = {isa = PBXBuildFile; fileRef = 474782942816365F00B3B6C4 /* ContentView.swift */; };
		474782972816366100B3B6C4 /* Assets.xcassets in Resources */ = {isa = PBXBuildFile; fileRef = 474782962816366100B3B6C4 /* Assets.xcassets */; };
		4747829A2816366100B3B6C4 /* Preview Assets.xcassets in Resources */ = {isa = PBXBuildFile; fileRef = 474782992816366100B3B6C4 /* Preview Assets.xcassets */; };
		4747829C2816366100B3B6C4 /* Persistence.swift in Sources */ = {isa = PBXBuildFile; fileRef = 4747829B2816366100B3B6C4 /* Persistence.swift */; };
		4747829F2816366100B3B6C4 /* Myanmar_Lens_2.xcdatamodeld in Sources */ = {isa = PBXBuildFile; fileRef = 4747829D2816366100B3B6C4 /* Myanmar_Lens_2.xcdatamodeld */; };
		474782AA2816379400B3B6C4 /* Translator in Frameworks */ = {isa = PBXBuildFile; productRef = 474782A92816379400B3B6C4 /* Translator */; };
		474782AC281637A200B3B6C4 /* MyanmarSansPro.ttf in Resources */ = {isa = PBXBuildFile; fileRef = 474782AB281637A200B3B6C4 /* MyanmarSansPro.ttf */; };
		474782B0281637F300B3B6C4 /* XFont.swift in Sources */ = {isa = PBXBuildFile; fileRef = 474782AF281637F300B3B6C4 /* XFont.swift */; };
		474782B22816382D00B3B6C4 /* XIcon.swift in Sources */ = {isa = PBXBuildFile; fileRef = 474782B12816382D00B3B6C4 /* XIcon.swift */; };
		474782B52816386200B3B6C4 /* +String.swift in Sources */ = {isa = PBXBuildFile; fileRef = 474782B42816386200B3B6C4 /* +String.swift */; };
		474782C028163BA300B3B6C4 /* ShapeLayer.swift in Sources */ = {isa = PBXBuildFile; fileRef = 474782BE28163BA300B3B6C4 /* ShapeLayer.swift */; };
		474782C128163BA300B3B6C4 /* TextLayer.swift in Sources */ = {isa = PBXBuildFile; fileRef = 474782BF28163BA300B3B6C4 /* TextLayer.swift */; };
		474782C428163BB400B3B6C4 /* TextQuad.swift in Sources */ = {isa = PBXBuildFile; fileRef = 474782C328163BB400B3B6C4 /* TextQuad.swift */; };
		474782C728163BD600B3B6C4 /* StringTracker.swift in Sources */ = {isa = PBXBuildFile; fileRef = 474782C628163BD600B3B6C4 /* StringTracker.swift */; };
		474782CB28163BFF00B3B6C4 /* Transformable.swift in Sources */ = {isa = PBXBuildFile; fileRef = 474782C928163BFF00B3B6C4 /* Transformable.swift */; };
		474782CC28163BFF00B3B6C4 /* Quadrilateral.swift in Sources */ = {isa = PBXBuildFile; fileRef = 474782CA28163BFF00B3B6C4 /* Quadrilateral.swift */; };
		474782D028163C1B00B3B6C4 /* EditScanCornerView.swift in Sources */ = {isa = PBXBuildFile; fileRef = 474782CE28163C1B00B3B6C4 /* EditScanCornerView.swift */; };
		474782D128163C1B00B3B6C4 /* QuadrilateralView.swift in Sources */ = {isa = PBXBuildFile; fileRef = 474782CF28163C1B00B3B6C4 /* QuadrilateralView.swift */; };
		474782D728163C6C00B3B6C4 /* CGPoint+Utils.swift in Sources */ = {isa = PBXBuildFile; fileRef = 474782D328163C6C00B3B6C4 /* CGPoint+Utils.swift */; };
		474782D828163C6C00B3B6C4 /* UIImage+Utils.swift in Sources */ = {isa = PBXBuildFile; fileRef = 474782D428163C6C00B3B6C4 /* UIImage+Utils.swift */; };
		474782D928163C6C00B3B6C4 /* CGImagePropertyOrientation.swift in Sources */ = {isa = PBXBuildFile; fileRef = 474782D528163C6C00B3B6C4 /* CGImagePropertyOrientation.swift */; };
		474782DA28163C6C00B3B6C4 /* CGAffineTransform+Utils.swift in Sources */ = {isa = PBXBuildFile; fileRef = 474782D628163C6C00B3B6C4 /* CGAffineTransform+Utils.swift */; };
		474782E528163DD400B3B6C4 /* TapToShowComfirmationDialog.swift in Sources */ = {isa = PBXBuildFile; fileRef = 474782E128163DD400B3B6C4 /* TapToShowComfirmationDialog.swift */; };
		474782E628163DD400B3B6C4 /* TapToPresentStyle.swift in Sources */ = {isa = PBXBuildFile; fileRef = 474782E228163DD400B3B6C4 /* TapToPresentStyle.swift */; };
		474782E728163DD400B3B6C4 /* Size.swift in Sources */ = {isa = PBXBuildFile; fileRef = 474782E328163DD400B3B6C4 /* Size.swift */; };
		474782E828163DD400B3B6C4 /* TapToPushStyle.swift in Sources */ = {isa = PBXBuildFile; fileRef = 474782E428163DD400B3B6C4 /* TapToPushStyle.swift */; };
		474782EB28163E1F00B3B6C4 /* PickerNavigationView.swift in Sources */ = {isa = PBXBuildFile; fileRef = 474782EA28163E1F00B3B6C4 /* PickerNavigationView.swift */; };
		474782F9281643C800B3B6C4 /* CameraService+Extensions.swift in Sources */ = {isa = PBXBuildFile; fileRef = 474782EF281643C800B3B6C4 /* CameraService+Extensions.swift */; };
		474782FA281643C800B3B6C4 /* CameraOCRViewModel.swift in Sources */ = {isa = PBXBuildFile; fileRef = 474782F0281643C800B3B6C4 /* CameraOCRViewModel.swift */; };
		474782FC281643C800B3B6C4 /* CameraService+Enums.swift in Sources */ = {isa = PBXBuildFile; fileRef = 474782F2281643C800B3B6C4 /* CameraService+Enums.swift */; };
		474782FD281643C800B3B6C4 /* PhotoCaptureProcessor.swift in Sources */ = {isa = PBXBuildFile; fileRef = 474782F3281643C800B3B6C4 /* PhotoCaptureProcessor.swift */; };
		474782FF281643C800B3B6C4 /* AlertError.swift in Sources */ = {isa = PBXBuildFile; fileRef = 474782F5281643C800B3B6C4 /* AlertError.swift */; };
		47478300281643C800B3B6C4 /* CameraOCRViewController.swift in Sources */ = {isa = PBXBuildFile; fileRef = 474782F6281643C800B3B6C4 /* CameraOCRViewController.swift */; };
		47478302281643C800B3B6C4 /* CameraService.swift in Sources */ = {isa = PBXBuildFile; fileRef = 474782F8281643C800B3B6C4 /* CameraService.swift */; };
		4747830428164B1400B3B6C4 /* CameraOCR.swift in Sources */ = {isa = PBXBuildFile; fileRef = 4747830328164B1400B3B6C4 /* CameraOCR.swift */; };
		47478306281652FA00B3B6C4 /* CameraOCRPreviewView.swift in Sources */ = {isa = PBXBuildFile; fileRef = 47478305281652FA00B3B6C4 /* CameraOCRPreviewView.swift */; };
		474783082816731F00B3B6C4 /* +Translate.swift in Sources */ = {isa = PBXBuildFile; fileRef = 474783072816731F00B3B6C4 /* +Translate.swift */; };
		4747830A2816790200B3B6C4 /* TranslateOperation.swift in Sources */ = {isa = PBXBuildFile; fileRef = 474783092816790100B3B6C4 /* TranslateOperation.swift */; };
		4747830C28167A6A00B3B6C4 /* TranslateOperationGroup.swift in Sources */ = {isa = PBXBuildFile; fileRef = 4747830B28167A6A00B3B6C4 /* TranslateOperationGroup.swift */; };
		4747830E2816A05100B3B6C4 /* ImageOCRViewController.swift in Sources */ = {isa = PBXBuildFile; fileRef = 4747830D2816A05100B3B6C4 /* ImageOCRViewController.swift */; };
		474783122816F3BB00B3B6C4 /* TranslateCell.swift in Sources */ = {isa = PBXBuildFile; fileRef = 474783112816F3BB00B3B6C4 /* TranslateCell.swift */; };
		475C493B2818A3A000A20624 /* ImageOCR.swift in Sources */ = {isa = PBXBuildFile; fileRef = 475C493A2818A3A000A20624 /* ImageOCR.swift */; };
		476B1AAE28183BE1008537A9 /* CameraFrameService.swift in Sources */ = {isa = PBXBuildFile; fileRef = 476B1AAD28183BE1008537A9 /* CameraFrameService.swift */; };
		478AFD862817DAD200A6EBEE /* XTranslator.swift in Sources */ = {isa = PBXBuildFile; fileRef = 478AFD852817DAD200A6EBEE /* XTranslator.swift */; };
		478C0F2628188DD600183605 /* ToggleButton.swift in Sources */ = {isa = PBXBuildFile; fileRef = 478C0F2528188DD600183605 /* ToggleButton.swift */; };
/* End PBXBuildFile section */

/* Begin PBXFileReference section */
		471AA5CB281707AE005F2582 /* ImageOCRView.swift */ = {isa = PBXFileReference; fileEncoding = 4; lastKnownFileType = sourcecode.swift; path = ImageOCRView.swift; sourceTree = "<group>"; };
		471AA5CD281707EB005F2582 /* ImageOCRViewModel.swift */ = {isa = PBXFileReference; fileEncoding = 4; lastKnownFileType = sourcecode.swift; path = ImageOCRViewModel.swift; sourceTree = "<group>"; };
		471AA5CF28170807005F2582 /* ImageFilterer.swift */ = {isa = PBXFileReference; fileEncoding = 4; lastKnownFileType = sourcecode.swift; path = ImageFilterer.swift; sourceTree = "<group>"; };
		471AA5D5281708CC005F2582 /* +UIIMage.swift */ = {isa = PBXFileReference; fileEncoding = 4; lastKnownFileType = sourcecode.swift; path = "+UIIMage.swift"; sourceTree = "<group>"; };
		4747828F2816365F00B3B6C4 /* Myanmar_Lens_2.app */ = {isa = PBXFileReference; explicitFileType = wrapper.application; includeInIndex = 0; path = Myanmar_Lens_2.app; sourceTree = BUILT_PRODUCTS_DIR; };
		474782922816365F00B3B6C4 /* Myanmar_Lens_2App.swift */ = {isa = PBXFileReference; lastKnownFileType = sourcecode.swift; path = Myanmar_Lens_2App.swift; sourceTree = "<group>"; };
		474782942816365F00B3B6C4 /* ContentView.swift */ = {isa = PBXFileReference; lastKnownFileType = sourcecode.swift; path = ContentView.swift; sourceTree = "<group>"; };
		474782962816366100B3B6C4 /* Assets.xcassets */ = {isa = PBXFileReference; lastKnownFileType = folder.assetcatalog; path = Assets.xcassets; sourceTree = "<group>"; };
		474782992816366100B3B6C4 /* Preview Assets.xcassets */ = {isa = PBXFileReference; lastKnownFileType = folder.assetcatalog; path = "Preview Assets.xcassets"; sourceTree = "<group>"; };
		4747829B2816366100B3B6C4 /* Persistence.swift */ = {isa = PBXFileReference; lastKnownFileType = sourcecode.swift; path = Persistence.swift; sourceTree = "<group>"; };
		4747829E2816366100B3B6C4 /* Myanmar_Lens_2.xcdatamodel */ = {isa = PBXFileReference; lastKnownFileType = wrapper.xcdatamodel; path = Myanmar_Lens_2.xcdatamodel; sourceTree = "<group>"; };
		474782AB281637A200B3B6C4 /* MyanmarSansPro.ttf */ = {isa = PBXFileReference; lastKnownFileType = file; path = MyanmarSansPro.ttf; sourceTree = "<group>"; };
		474782AF281637F300B3B6C4 /* XFont.swift */ = {isa = PBXFileReference; lastKnownFileType = sourcecode.swift; path = XFont.swift; sourceTree = "<group>"; };
		474782B12816382D00B3B6C4 /* XIcon.swift */ = {isa = PBXFileReference; fileEncoding = 4; lastKnownFileType = sourcecode.swift; path = XIcon.swift; sourceTree = "<group>"; };
		474782B42816386200B3B6C4 /* +String.swift */ = {isa = PBXFileReference; lastKnownFileType = sourcecode.swift; path = "+String.swift"; sourceTree = "<group>"; };
		474782BE28163BA300B3B6C4 /* ShapeLayer.swift */ = {isa = PBXFileReference; fileEncoding = 4; lastKnownFileType = sourcecode.swift; path = ShapeLayer.swift; sourceTree = "<group>"; };
		474782BF28163BA300B3B6C4 /* TextLayer.swift */ = {isa = PBXFileReference; fileEncoding = 4; lastKnownFileType = sourcecode.swift; path = TextLayer.swift; sourceTree = "<group>"; };
		474782C328163BB400B3B6C4 /* TextQuad.swift */ = {isa = PBXFileReference; fileEncoding = 4; lastKnownFileType = sourcecode.swift; path = TextQuad.swift; sourceTree = "<group>"; };
		474782C628163BD600B3B6C4 /* StringTracker.swift */ = {isa = PBXFileReference; fileEncoding = 4; lastKnownFileType = sourcecode.swift; path = StringTracker.swift; sourceTree = "<group>"; };
		474782C928163BFF00B3B6C4 /* Transformable.swift */ = {isa = PBXFileReference; fileEncoding = 4; lastKnownFileType = sourcecode.swift; path = Transformable.swift; sourceTree = "<group>"; };
		474782CA28163BFF00B3B6C4 /* Quadrilateral.swift */ = {isa = PBXFileReference; fileEncoding = 4; lastKnownFileType = sourcecode.swift; path = Quadrilateral.swift; sourceTree = "<group>"; };
		474782CE28163C1B00B3B6C4 /* EditScanCornerView.swift */ = {isa = PBXFileReference; fileEncoding = 4; lastKnownFileType = sourcecode.swift; path = EditScanCornerView.swift; sourceTree = "<group>"; };
		474782CF28163C1B00B3B6C4 /* QuadrilateralView.swift */ = {isa = PBXFileReference; fileEncoding = 4; lastKnownFileType = sourcecode.swift; path = QuadrilateralView.swift; sourceTree = "<group>"; };
		474782D328163C6C00B3B6C4 /* CGPoint+Utils.swift */ = {isa = PBXFileReference; fileEncoding = 4; lastKnownFileType = sourcecode.swift; path = "CGPoint+Utils.swift"; sourceTree = "<group>"; };
		474782D428163C6C00B3B6C4 /* UIImage+Utils.swift */ = {isa = PBXFileReference; fileEncoding = 4; lastKnownFileType = sourcecode.swift; path = "UIImage+Utils.swift"; sourceTree = "<group>"; };
		474782D528163C6C00B3B6C4 /* CGImagePropertyOrientation.swift */ = {isa = PBXFileReference; fileEncoding = 4; lastKnownFileType = sourcecode.swift; path = CGImagePropertyOrientation.swift; sourceTree = "<group>"; };
		474782D628163C6C00B3B6C4 /* CGAffineTransform+Utils.swift */ = {isa = PBXFileReference; fileEncoding = 4; lastKnownFileType = sourcecode.swift; path = "CGAffineTransform+Utils.swift"; sourceTree = "<group>"; };
		474782E128163DD400B3B6C4 /* TapToShowComfirmationDialog.swift */ = {isa = PBXFileReference; fileEncoding = 4; lastKnownFileType = sourcecode.swift; path = TapToShowComfirmationDialog.swift; sourceTree = "<group>"; };
		474782E228163DD400B3B6C4 /* TapToPresentStyle.swift */ = {isa = PBXFileReference; fileEncoding = 4; lastKnownFileType = sourcecode.swift; path = TapToPresentStyle.swift; sourceTree = "<group>"; };
		474782E328163DD400B3B6C4 /* Size.swift */ = {isa = PBXFileReference; fileEncoding = 4; lastKnownFileType = sourcecode.swift; path = Size.swift; sourceTree = "<group>"; };
		474782E428163DD400B3B6C4 /* TapToPushStyle.swift */ = {isa = PBXFileReference; fileEncoding = 4; lastKnownFileType = sourcecode.swift; path = TapToPushStyle.swift; sourceTree = "<group>"; };
		474782EA28163E1F00B3B6C4 /* PickerNavigationView.swift */ = {isa = PBXFileReference; fileEncoding = 4; lastKnownFileType = sourcecode.swift; path = PickerNavigationView.swift; sourceTree = "<group>"; };
		474782EF281643C800B3B6C4 /* CameraService+Extensions.swift */ = {isa = PBXFileReference; fileEncoding = 4; lastKnownFileType = sourcecode.swift; path = "CameraService+Extensions.swift"; sourceTree = "<group>"; };
		474782F0281643C800B3B6C4 /* CameraOCRViewModel.swift */ = {isa = PBXFileReference; fileEncoding = 4; lastKnownFileType = sourcecode.swift; path = CameraOCRViewModel.swift; sourceTree = "<group>"; };
		474782F2281643C800B3B6C4 /* CameraService+Enums.swift */ = {isa = PBXFileReference; fileEncoding = 4; lastKnownFileType = sourcecode.swift; path = "CameraService+Enums.swift"; sourceTree = "<group>"; };
		474782F3281643C800B3B6C4 /* PhotoCaptureProcessor.swift */ = {isa = PBXFileReference; fileEncoding = 4; lastKnownFileType = sourcecode.swift; path = PhotoCaptureProcessor.swift; sourceTree = "<group>"; };
		474782F5281643C800B3B6C4 /* AlertError.swift */ = {isa = PBXFileReference; fileEncoding = 4; lastKnownFileType = sourcecode.swift; path = AlertError.swift; sourceTree = "<group>"; };
		474782F6281643C800B3B6C4 /* CameraOCRViewController.swift */ = {isa = PBXFileReference; fileEncoding = 4; lastKnownFileType = sourcecode.swift; path = CameraOCRViewController.swift; sourceTree = "<group>"; };
		474782F8281643C800B3B6C4 /* CameraService.swift */ = {isa = PBXFileReference; fileEncoding = 4; lastKnownFileType = sourcecode.swift; path = CameraService.swift; sourceTree = "<group>"; };
		4747830328164B1400B3B6C4 /* CameraOCR.swift */ = {isa = PBXFileReference; lastKnownFileType = sourcecode.swift; path = CameraOCR.swift; sourceTree = "<group>"; };
		47478305281652FA00B3B6C4 /* CameraOCRPreviewView.swift */ = {isa = PBXFileReference; lastKnownFileType = sourcecode.swift; path = CameraOCRPreviewView.swift; sourceTree = "<group>"; };
		474783072816731F00B3B6C4 /* +Translate.swift */ = {isa = PBXFileReference; lastKnownFileType = sourcecode.swift; path = "+Translate.swift"; sourceTree = "<group>"; };
		474783092816790100B3B6C4 /* TranslateOperation.swift */ = {isa = PBXFileReference; lastKnownFileType = sourcecode.swift; path = TranslateOperation.swift; sourceTree = "<group>"; };
		4747830B28167A6A00B3B6C4 /* TranslateOperationGroup.swift */ = {isa = PBXFileReference; lastKnownFileType = sourcecode.swift; path = TranslateOperationGroup.swift; sourceTree = "<group>"; };
		4747830D2816A05100B3B6C4 /* ImageOCRViewController.swift */ = {isa = PBXFileReference; lastKnownFileType = sourcecode.swift; path = ImageOCRViewController.swift; sourceTree = "<group>"; };
		474783112816F3BB00B3B6C4 /* TranslateCell.swift */ = {isa = PBXFileReference; lastKnownFileType = sourcecode.swift; path = TranslateCell.swift; sourceTree = "<group>"; };
		475C493A2818A3A000A20624 /* ImageOCR.swift */ = {isa = PBXFileReference; lastKnownFileType = sourcecode.swift; path = ImageOCR.swift; sourceTree = "<group>"; };
		476B1AAD28183BE1008537A9 /* CameraFrameService.swift */ = {isa = PBXFileReference; fileEncoding = 4; lastKnownFileType = sourcecode.swift; path = CameraFrameService.swift; sourceTree = "<group>"; };
		478AFD852817DAD200A6EBEE /* XTranslator.swift */ = {isa = PBXFileReference; lastKnownFileType = sourcecode.swift; path = XTranslator.swift; sourceTree = "<group>"; };
		478AFD882817E7EA00A6EBEE /* Myanmar-Lens-2-Info.plist */ = {isa = PBXFileReference; fileEncoding = 4; lastKnownFileType = text.plist.xml; path = "Myanmar-Lens-2-Info.plist"; sourceTree = "<group>"; };
		478C0F2528188DD600183605 /* ToggleButton.swift */ = {isa = PBXFileReference; fileEncoding = 4; lastKnownFileType = sourcecode.swift; path = ToggleButton.swift; sourceTree = "<group>"; };
/* End PBXFileReference section */

/* Begin PBXFrameworksBuildPhase section */
		4747828C2816365F00B3B6C4 /* Frameworks */ = {
			isa = PBXFrameworksBuildPhase;
			buildActionMask = 2147483647;
			files = (
				474782AA2816379400B3B6C4 /* Translator in Frameworks */,
			);
			runOnlyForDeploymentPostprocessing = 0;
		};
/* End PBXFrameworksBuildPhase section */

/* Begin PBXGroup section */
		474782862816365F00B3B6C4 = {
			isa = PBXGroup;
			children = (
				474782912816365F00B3B6C4 /* Myanmar_Lens_2 */,
				478AFD882817E7EA00A6EBEE /* Myanmar-Lens-2-Info.plist */,
				474782902816365F00B3B6C4 /* Products */,
			);
			sourceTree = "<group>";
		};
		474782902816365F00B3B6C4 /* Products */ = {
			isa = PBXGroup;
			children = (
				4747828F2816365F00B3B6C4 /* Myanmar_Lens_2.app */,
			);
			name = Products;
			sourceTree = "<group>";
		};
		474782912816365F00B3B6C4 /* Myanmar_Lens_2 */ = {
			isa = PBXGroup;
			children = (
				478AFD872817E68400A6EBEE /* Home */,
				474782DB28163CB800B3B6C4 /* OCR */,
				474782C828163BFF00B3B6C4 /* Quadrilateral */,
				474782AE281637E600B3B6C4 /* Utilities */,
				474782A7281636D000B3B6C4 /* Root */,
				474782A6281636C200B3B6C4 /* Resources */,
				474782A5281636BA00B3B6C4 /* Backend */,
				474782982816366100B3B6C4 /* Preview Content */,
			);
			path = Myanmar_Lens_2;
			sourceTree = "<group>";
		};
		474782982816366100B3B6C4 /* Preview Content */ = {
			isa = PBXGroup;
			children = (
				474782992816366100B3B6C4 /* Preview Assets.xcassets */,
			);
			path = "Preview Content";
			sourceTree = "<group>";
		};
		474782A5281636BA00B3B6C4 /* Backend */ = {
			isa = PBXGroup;
			children = (
				4747829B2816366100B3B6C4 /* Persistence.swift */,
				474783072816731F00B3B6C4 /* +Translate.swift */,
				4747829D2816366100B3B6C4 /* Myanmar_Lens_2.xcdatamodeld */,
			);
			path = Backend;
			sourceTree = "<group>";
		};
		474782A6281636C200B3B6C4 /* Resources */ = {
			isa = PBXGroup;
			children = (
				474782AB281637A200B3B6C4 /* MyanmarSansPro.ttf */,
				474782962816366100B3B6C4 /* Assets.xcassets */,
			);
			path = Resources;
			sourceTree = "<group>";
		};
		474782A7281636D000B3B6C4 /* Root */ = {
			isa = PBXGroup;
			children = (
				474782922816365F00B3B6C4 /* Myanmar_Lens_2App.swift */,
			);
			path = Root;
			sourceTree = "<group>";
		};
		474782AE281637E600B3B6C4 /* Utilities */ = {
			isa = PBXGroup;
			children = (
				474782AF281637F300B3B6C4 /* XFont.swift */,
				474782B12816382D00B3B6C4 /* XIcon.swift */,
				474782F5281643C800B3B6C4 /* AlertError.swift */,
				474782E928163E1600B3B6C4 /* Views */,
				474782B32816385600B3B6C4 /* Extensions */,
			);
			path = Utilities;
			sourceTree = "<group>";
		};
		474782B32816385600B3B6C4 /* Extensions */ = {
			isa = PBXGroup;
			children = (
				474782B42816386200B3B6C4 /* +String.swift */,
			);
			path = Extensions;
			sourceTree = "<group>";
		};
		474782B628163B3500B3B6C4 /* CameraOCR */ = {
			isa = PBXGroup;
			children = (
				474782F6281643C800B3B6C4 /* CameraOCRViewController.swift */,
				474782F0281643C800B3B6C4 /* CameraOCRViewModel.swift */,
				47478305281652FA00B3B6C4 /* CameraOCRPreviewView.swift */,
				4747830328164B1400B3B6C4 /* CameraOCR.swift */,
				476B1AAD28183BE1008537A9 /* CameraFrameService.swift */,
				4747830F2816E9D700B3B6C4 /* CameraService */,
			);
			path = CameraOCR;
			sourceTree = "<group>";
		};
		474782BD28163B9B00B3B6C4 /* Layers */ = {
			isa = PBXGroup;
			children = (
				474782BE28163BA300B3B6C4 /* ShapeLayer.swift */,
				474782BF28163BA300B3B6C4 /* TextLayer.swift */,
			);
			path = Layers;
			sourceTree = "<group>";
		};
		474782C228163BAA00B3B6C4 /* Models */ = {
			isa = PBXGroup;
			children = (
				474782C328163BB400B3B6C4 /* TextQuad.swift */,
			);
			path = Models;
			sourceTree = "<group>";
		};
		474782C528163BC800B3B6C4 /* Utilities */ = {
			isa = PBXGroup;
			children = (
				478AFD822817B3C000A6EBEE /* TranslateOperations */,
				474782C628163BD600B3B6C4 /* StringTracker.swift */,
				471AA5CF28170807005F2582 /* ImageFilterer.swift */,
				471AA5D5281708CC005F2582 /* +UIIMage.swift */,
				478AFD852817DAD200A6EBEE /* XTranslator.swift */,
			);
			path = Utilities;
			sourceTree = "<group>";
		};
		474782C828163BFF00B3B6C4 /* Quadrilateral */ = {
			isa = PBXGroup;
			children = (
				474782CA28163BFF00B3B6C4 /* Quadrilateral.swift */,
				474782C928163BFF00B3B6C4 /* Transformable.swift */,
				474782D228163C5C00B3B6C4 /* Extensions */,
				474782CD28163C1000B3B6C4 /* Views */,
			);
			path = Quadrilateral;
			sourceTree = "<group>";
		};
		474782CD28163C1000B3B6C4 /* Views */ = {
			isa = PBXGroup;
			children = (
				474782CE28163C1B00B3B6C4 /* EditScanCornerView.swift */,
				474782CF28163C1B00B3B6C4 /* QuadrilateralView.swift */,
			);
			path = Views;
			sourceTree = "<group>";
		};
		474782D228163C5C00B3B6C4 /* Extensions */ = {
			isa = PBXGroup;
			children = (
				474782D628163C6C00B3B6C4 /* CGAffineTransform+Utils.swift */,
				474782D528163C6C00B3B6C4 /* CGImagePropertyOrientation.swift */,
				474782D328163C6C00B3B6C4 /* CGPoint+Utils.swift */,
				474782D428163C6C00B3B6C4 /* UIImage+Utils.swift */,
			);
			path = Extensions;
			sourceTree = "<group>";
		};
		474782DB28163CB800B3B6C4 /* OCR */ = {
			isa = PBXGroup;
			children = (
				474782B628163B3500B3B6C4 /* CameraOCR */,
				474782DC28163CFA00B3B6C4 /* ImageOCR */,
				474782C228163BAA00B3B6C4 /* Models */,
				474782BD28163B9B00B3B6C4 /* Layers */,
				474782C528163BC800B3B6C4 /* Utilities */,
			);
			path = OCR;
			sourceTree = "<group>";
		};
		474782DC28163CFA00B3B6C4 /* ImageOCR */ = {
			isa = PBXGroup;
			children = (
				4747830D2816A05100B3B6C4 /* ImageOCRViewController.swift */,
				471AA5CD281707EB005F2582 /* ImageOCRViewModel.swift */,
				471AA5CB281707AE005F2582 /* ImageOCRView.swift */,
				475C493A2818A3A000A20624 /* ImageOCR.swift */,
			);
			path = ImageOCR;
			sourceTree = "<group>";
		};
		474782E028163DD400B3B6C4 /* ViewModifiers */ = {
			isa = PBXGroup;
			children = (
				474782E128163DD400B3B6C4 /* TapToShowComfirmationDialog.swift */,
				474782E428163DD400B3B6C4 /* TapToPushStyle.swift */,
				474782E228163DD400B3B6C4 /* TapToPresentStyle.swift */,
				474782E328163DD400B3B6C4 /* Size.swift */,
			);
			path = ViewModifiers;
			sourceTree = "<group>";
		};
		474782E928163E1600B3B6C4 /* Views */ = {
			isa = PBXGroup;
			children = (
				478C0F2528188DD600183605 /* ToggleButton.swift */,
				474782EA28163E1F00B3B6C4 /* PickerNavigationView.swift */,
				474782E028163DD400B3B6C4 /* ViewModifiers */,
			);
			path = Views;
			sourceTree = "<group>";
		};
		4747830F2816E9D700B3B6C4 /* CameraService */ = {
			isa = PBXGroup;
			children = (
				474782F8281643C800B3B6C4 /* CameraService.swift */,
				474782EF281643C800B3B6C4 /* CameraService+Extensions.swift */,
				474782F2281643C800B3B6C4 /* CameraService+Enums.swift */,
				474782F3281643C800B3B6C4 /* PhotoCaptureProcessor.swift */,
			);
			path = CameraService;
			sourceTree = "<group>";
		};
		478AFD822817B3C000A6EBEE /* TranslateOperations */ = {
			isa = PBXGroup;
			children = (
				4747830B28167A6A00B3B6C4 /* TranslateOperationGroup.swift */,
				474783092816790100B3B6C4 /* TranslateOperation.swift */,
			);
			path = TranslateOperations;
			sourceTree = "<group>";
		};
		478AFD872817E68400A6EBEE /* Home */ = {
			isa = PBXGroup;
			children = (
				474782942816365F00B3B6C4 /* ContentView.swift */,
				474783112816F3BB00B3B6C4 /* TranslateCell.swift */,
			);
			path = Home;
			sourceTree = "<group>";
		};
/* End PBXGroup section */

/* Begin PBXNativeTarget section */
		4747828E2816365F00B3B6C4 /* Myanmar_Lens_2 */ = {
			isa = PBXNativeTarget;
			buildConfigurationList = 474782A22816366100B3B6C4 /* Build configuration list for PBXNativeTarget "Myanmar_Lens_2" */;
			buildPhases = (
				4747828B2816365F00B3B6C4 /* Sources */,
				4747828C2816365F00B3B6C4 /* Frameworks */,
				4747828D2816365F00B3B6C4 /* Resources */,
			);
			buildRules = (
			);
			dependencies = (
			);
			name = Myanmar_Lens_2;
			packageProductDependencies = (
				474782A92816379400B3B6C4 /* Translator */,
			);
			productName = Myanmar_Lens_2;
			productReference = 4747828F2816365F00B3B6C4 /* Myanmar_Lens_2.app */;
			productType = "com.apple.product-type.application";
		};
/* End PBXNativeTarget section */

/* Begin PBXProject section */
		474782872816365F00B3B6C4 /* Project object */ = {
			isa = PBXProject;
			attributes = {
				BuildIndependentTargetsInParallel = 1;
				LastSwiftUpdateCheck = 1330;
				LastUpgradeCheck = 1330;
				TargetAttributes = {
					4747828E2816365F00B3B6C4 = {
						CreatedOnToolsVersion = 13.3.1;
					};
				};
			};
			buildConfigurationList = 4747828A2816365F00B3B6C4 /* Build configuration list for PBXProject "Myanmar_Lens_2" */;
			compatibilityVersion = "Xcode 13.0";
			developmentRegion = en;
			hasScannedForEncodings = 0;
			knownRegions = (
				en,
				Base,
			);
			mainGroup = 474782862816365F00B3B6C4;
			packageReferences = (
				474782A82816379400B3B6C4 /* XCRemoteSwiftPackageReference "Translator" */,
			);
			productRefGroup = 474782902816365F00B3B6C4 /* Products */;
			projectDirPath = "";
			projectRoot = "";
			targets = (
				4747828E2816365F00B3B6C4 /* Myanmar_Lens_2 */,
			);
		};
/* End PBXProject section */

/* Begin PBXResourcesBuildPhase section */
		4747828D2816365F00B3B6C4 /* Resources */ = {
			isa = PBXResourcesBuildPhase;
			buildActionMask = 2147483647;
			files = (
				4747829A2816366100B3B6C4 /* Preview Assets.xcassets in Resources */,
				474782972816366100B3B6C4 /* Assets.xcassets in Resources */,
				474782AC281637A200B3B6C4 /* MyanmarSansPro.ttf in Resources */,
			);
			runOnlyForDeploymentPostprocessing = 0;
		};
/* End PBXResourcesBuildPhase section */

/* Begin PBXSourcesBuildPhase section */
		4747828B2816365F00B3B6C4 /* Sources */ = {
			isa = PBXSourcesBuildPhase;
			buildActionMask = 2147483647;
			files = (
				471AA5CC281707AE005F2582 /* ImageOCRView.swift in Sources */,
				474782E528163DD400B3B6C4 /* TapToShowComfirmationDialog.swift in Sources */,
				478AFD862817DAD200A6EBEE /* XTranslator.swift in Sources */,
				471AA5D028170807005F2582 /* ImageFilterer.swift in Sources */,
				4747829C2816366100B3B6C4 /* Persistence.swift in Sources */,
				474782D028163C1B00B3B6C4 /* EditScanCornerView.swift in Sources */,
				474782D828163C6C00B3B6C4 /* UIImage+Utils.swift in Sources */,
				474782EB28163E1F00B3B6C4 /* PickerNavigationView.swift in Sources */,
				474782B52816386200B3B6C4 /* +String.swift in Sources */,
				474783122816F3BB00B3B6C4 /* TranslateCell.swift in Sources */,
				478C0F2628188DD600183605 /* ToggleButton.swift in Sources */,
				474782952816365F00B3B6C4 /* ContentView.swift in Sources */,
				47478300281643C800B3B6C4 /* CameraOCRViewController.swift in Sources */,
				474782DA28163C6C00B3B6C4 /* CGAffineTransform+Utils.swift in Sources */,
				47478306281652FA00B3B6C4 /* CameraOCRPreviewView.swift in Sources */,
				474782D928163C6C00B3B6C4 /* CGImagePropertyOrientation.swift in Sources */,
				474782CC28163BFF00B3B6C4 /* Quadrilateral.swift in Sources */,
				474782FF281643C800B3B6C4 /* AlertError.swift in Sources */,
				4747829F2816366100B3B6C4 /* Myanmar_Lens_2.xcdatamodeld in Sources */,
				474782C028163BA300B3B6C4 /* ShapeLayer.swift in Sources */,
				475C493B2818A3A000A20624 /* ImageOCR.swift in Sources */,
				474782C728163BD600B3B6C4 /* StringTracker.swift in Sources */,
				474782D128163C1B00B3B6C4 /* QuadrilateralView.swift in Sources */,
				471AA5CE281707EB005F2582 /* ImageOCRViewModel.swift in Sources */,
				474782B0281637F300B3B6C4 /* XFont.swift in Sources */,
				474782932816365F00B3B6C4 /* Myanmar_Lens_2App.swift in Sources */,
				474782B22816382D00B3B6C4 /* XIcon.swift in Sources */,
				476B1AAE28183BE1008537A9 /* CameraFrameService.swift in Sources */,
				474782FD281643C800B3B6C4 /* PhotoCaptureProcessor.swift in Sources */,
				474782CB28163BFF00B3B6C4 /* Transformable.swift in Sources */,
				474782D728163C6C00B3B6C4 /* CGPoint+Utils.swift in Sources */,
				474782E628163DD400B3B6C4 /* TapToPresentStyle.swift in Sources */,
				474782F9281643C800B3B6C4 /* CameraService+Extensions.swift in Sources */,
				474783082816731F00B3B6C4 /* +Translate.swift in Sources */,
				47478302281643C800B3B6C4 /* CameraService.swift in Sources */,
				474782E728163DD400B3B6C4 /* Size.swift in Sources */,
				4747830E2816A05100B3B6C4 /* ImageOCRViewController.swift in Sources */,
				474782FA281643C800B3B6C4 /* CameraOCRViewModel.swift in Sources */,
				4747830A2816790200B3B6C4 /* TranslateOperation.swift in Sources */,
				471AA5D6281708CC005F2582 /* +UIIMage.swift in Sources */,
				474782C428163BB400B3B6C4 /* TextQuad.swift in Sources */,
				474782C128163BA300B3B6C4 /* TextLayer.swift in Sources */,
				4747830428164B1400B3B6C4 /* CameraOCR.swift in Sources */,
				4747830C28167A6A00B3B6C4 /* TranslateOperationGroup.swift in Sources */,
				474782E828163DD400B3B6C4 /* TapToPushStyle.swift in Sources */,
				474782FC281643C800B3B6C4 /* CameraService+Enums.swift in Sources */,
			);
			runOnlyForDeploymentPostprocessing = 0;
		};
/* End PBXSourcesBuildPhase section */

/* Begin XCBuildConfiguration section */
		474782A02816366100B3B6C4 /* Debug */ = {
			isa = XCBuildConfiguration;
			buildSettings = {
				ALWAYS_SEARCH_USER_PATHS = NO;
				CLANG_ANALYZER_NONNULL = YES;
				CLANG_ANALYZER_NUMBER_OBJECT_CONVERSION = YES_AGGRESSIVE;
				CLANG_CXX_LANGUAGE_STANDARD = "gnu++17";
				CLANG_ENABLE_MODULES = YES;
				CLANG_ENABLE_OBJC_ARC = YES;
				CLANG_ENABLE_OBJC_WEAK = YES;
				CLANG_WARN_BLOCK_CAPTURE_AUTORELEASING = YES;
				CLANG_WARN_BOOL_CONVERSION = YES;
				CLANG_WARN_COMMA = YES;
				CLANG_WARN_CONSTANT_CONVERSION = YES;
				CLANG_WARN_DEPRECATED_OBJC_IMPLEMENTATIONS = YES;
				CLANG_WARN_DIRECT_OBJC_ISA_USAGE = YES_ERROR;
				CLANG_WARN_DOCUMENTATION_COMMENTS = YES;
				CLANG_WARN_EMPTY_BODY = YES;
				CLANG_WARN_ENUM_CONVERSION = YES;
				CLANG_WARN_INFINITE_RECURSION = YES;
				CLANG_WARN_INT_CONVERSION = YES;
				CLANG_WARN_NON_LITERAL_NULL_CONVERSION = YES;
				CLANG_WARN_OBJC_IMPLICIT_RETAIN_SELF = YES;
				CLANG_WARN_OBJC_LITERAL_CONVERSION = YES;
				CLANG_WARN_OBJC_ROOT_CLASS = YES_ERROR;
				CLANG_WARN_QUOTED_INCLUDE_IN_FRAMEWORK_HEADER = YES;
				CLANG_WARN_RANGE_LOOP_ANALYSIS = YES;
				CLANG_WARN_STRICT_PROTOTYPES = YES;
				CLANG_WARN_SUSPICIOUS_MOVE = YES;
				CLANG_WARN_UNGUARDED_AVAILABILITY = YES_AGGRESSIVE;
				CLANG_WARN_UNREACHABLE_CODE = YES;
				CLANG_WARN__DUPLICATE_METHOD_MATCH = YES;
				COPY_PHASE_STRIP = NO;
				DEBUG_INFORMATION_FORMAT = dwarf;
				ENABLE_STRICT_OBJC_MSGSEND = YES;
				ENABLE_TESTABILITY = YES;
				GCC_C_LANGUAGE_STANDARD = gnu11;
				GCC_DYNAMIC_NO_PIC = NO;
				GCC_NO_COMMON_BLOCKS = YES;
				GCC_OPTIMIZATION_LEVEL = 0;
				GCC_PREPROCESSOR_DEFINITIONS = (
					"DEBUG=1",
					"$(inherited)",
				);
				GCC_WARN_64_TO_32_BIT_CONVERSION = YES;
				GCC_WARN_ABOUT_RETURN_TYPE = YES_ERROR;
				GCC_WARN_UNDECLARED_SELECTOR = YES;
				GCC_WARN_UNINITIALIZED_AUTOS = YES_AGGRESSIVE;
				GCC_WARN_UNUSED_FUNCTION = YES;
				GCC_WARN_UNUSED_VARIABLE = YES;
				IPHONEOS_DEPLOYMENT_TARGET = 15.4;
				MTL_ENABLE_DEBUG_INFO = INCLUDE_SOURCE;
				MTL_FAST_MATH = YES;
				ONLY_ACTIVE_ARCH = YES;
				SDKROOT = iphoneos;
				SWIFT_ACTIVE_COMPILATION_CONDITIONS = DEBUG;
				SWIFT_OPTIMIZATION_LEVEL = "-Onone";
			};
			name = Debug;
		};
		474782A12816366100B3B6C4 /* Release */ = {
			isa = XCBuildConfiguration;
			buildSettings = {
				ALWAYS_SEARCH_USER_PATHS = NO;
				CLANG_ANALYZER_NONNULL = YES;
				CLANG_ANALYZER_NUMBER_OBJECT_CONVERSION = YES_AGGRESSIVE;
				CLANG_CXX_LANGUAGE_STANDARD = "gnu++17";
				CLANG_ENABLE_MODULES = YES;
				CLANG_ENABLE_OBJC_ARC = YES;
				CLANG_ENABLE_OBJC_WEAK = YES;
				CLANG_WARN_BLOCK_CAPTURE_AUTORELEASING = YES;
				CLANG_WARN_BOOL_CONVERSION = YES;
				CLANG_WARN_COMMA = YES;
				CLANG_WARN_CONSTANT_CONVERSION = YES;
				CLANG_WARN_DEPRECATED_OBJC_IMPLEMENTATIONS = YES;
				CLANG_WARN_DIRECT_OBJC_ISA_USAGE = YES_ERROR;
				CLANG_WARN_DOCUMENTATION_COMMENTS = YES;
				CLANG_WARN_EMPTY_BODY = YES;
				CLANG_WARN_ENUM_CONVERSION = YES;
				CLANG_WARN_INFINITE_RECURSION = YES;
				CLANG_WARN_INT_CONVERSION = YES;
				CLANG_WARN_NON_LITERAL_NULL_CONVERSION = YES;
				CLANG_WARN_OBJC_IMPLICIT_RETAIN_SELF = YES;
				CLANG_WARN_OBJC_LITERAL_CONVERSION = YES;
				CLANG_WARN_OBJC_ROOT_CLASS = YES_ERROR;
				CLANG_WARN_QUOTED_INCLUDE_IN_FRAMEWORK_HEADER = YES;
				CLANG_WARN_RANGE_LOOP_ANALYSIS = YES;
				CLANG_WARN_STRICT_PROTOTYPES = YES;
				CLANG_WARN_SUSPICIOUS_MOVE = YES;
				CLANG_WARN_UNGUARDED_AVAILABILITY = YES_AGGRESSIVE;
				CLANG_WARN_UNREACHABLE_CODE = YES;
				CLANG_WARN__DUPLICATE_METHOD_MATCH = YES;
				COPY_PHASE_STRIP = NO;
				DEBUG_INFORMATION_FORMAT = "dwarf-with-dsym";
				ENABLE_NS_ASSERTIONS = NO;
				ENABLE_STRICT_OBJC_MSGSEND = YES;
				GCC_C_LANGUAGE_STANDARD = gnu11;
				GCC_NO_COMMON_BLOCKS = YES;
				GCC_WARN_64_TO_32_BIT_CONVERSION = YES;
				GCC_WARN_ABOUT_RETURN_TYPE = YES_ERROR;
				GCC_WARN_UNDECLARED_SELECTOR = YES;
				GCC_WARN_UNINITIALIZED_AUTOS = YES_AGGRESSIVE;
				GCC_WARN_UNUSED_FUNCTION = YES;
				GCC_WARN_UNUSED_VARIABLE = YES;
				IPHONEOS_DEPLOYMENT_TARGET = 15.4;
				MTL_ENABLE_DEBUG_INFO = NO;
				MTL_FAST_MATH = YES;
				SDKROOT = iphoneos;
				SWIFT_COMPILATION_MODE = wholemodule;
				SWIFT_OPTIMIZATION_LEVEL = "-O";
				VALIDATE_PRODUCT = YES;
			};
			name = Release;
		};
		474782A32816366100B3B6C4 /* Debug */ = {
			isa = XCBuildConfiguration;
			buildSettings = {
				ASSETCATALOG_COMPILER_APPICON_NAME = AppIcon;
				ASSETCATALOG_COMPILER_GLOBAL_ACCENT_COLOR_NAME = AccentColor;
				CODE_SIGN_STYLE = Automatic;
				CURRENT_PROJECT_VERSION = 1;
				DEVELOPMENT_ASSET_PATHS = "\"Myanmar_Lens_2/Preview Content\"";
				DEVELOPMENT_TEAM = YYK4329T78;
				ENABLE_PREVIEWS = YES;
				GENERATE_INFOPLIST_FILE = YES;
				INFOPLIST_FILE = "Myanmar-Lens-2-Info.plist";
				INFOPLIST_KEY_NSCameraUsageDescription = "TO DO";
				INFOPLIST_KEY_NSPhotoLibraryUsageDescription = "TO DO";
				INFOPLIST_KEY_UIApplicationSceneManifest_Generation = YES;
				INFOPLIST_KEY_UIApplicationSupportsIndirectInputEvents = YES;
				INFOPLIST_KEY_UILaunchScreen_Generation = YES;
				INFOPLIST_KEY_UISupportedInterfaceOrientations_iPad = "UIInterfaceOrientationPortrait UIInterfaceOrientationPortraitUpsideDown UIInterfaceOrientationLandscapeLeft UIInterfaceOrientationLandscapeRight";
				INFOPLIST_KEY_UISupportedInterfaceOrientations_iPhone = "UIInterfaceOrientationPortrait UIInterfaceOrientationLandscapeLeft UIInterfaceOrientationLandscapeRight";
				LD_RUNPATH_SEARCH_PATHS = (
					"$(inherited)",
					"@executable_path/Frameworks",
				);
				MARKETING_VERSION = 1.0;
				PRODUCT_BUNDLE_IDENTIFIER = "com.jonahaung.Myanmar-Lens-2";
				PRODUCT_NAME = "$(TARGET_NAME)";
				SWIFT_EMIT_LOC_STRINGS = YES;
				SWIFT_VERSION = 5.0;
				TARGETED_DEVICE_FAMILY = "1,2";
			};
			name = Debug;
		};
		474782A42816366100B3B6C4 /* Release */ = {
			isa = XCBuildConfiguration;
			buildSettings = {
				ASSETCATALOG_COMPILER_APPICON_NAME = AppIcon;
				ASSETCATALOG_COMPILER_GLOBAL_ACCENT_COLOR_NAME = AccentColor;
				CODE_SIGN_STYLE = Automatic;
				CURRENT_PROJECT_VERSION = 1;
				DEVELOPMENT_ASSET_PATHS = "\"Myanmar_Lens_2/Preview Content\"";
				DEVELOPMENT_TEAM = YYK4329T78;
				ENABLE_PREVIEWS = YES;
				GENERATE_INFOPLIST_FILE = YES;
				INFOPLIST_FILE = "Myanmar-Lens-2-Info.plist";
				INFOPLIST_KEY_NSCameraUsageDescription = "TO DO";
				INFOPLIST_KEY_NSPhotoLibraryUsageDescription = "TO DO";
				INFOPLIST_KEY_UIApplicationSceneManifest_Generation = YES;
				INFOPLIST_KEY_UIApplicationSupportsIndirectInputEvents = YES;
				INFOPLIST_KEY_UILaunchScreen_Generation = YES;
				INFOPLIST_KEY_UISupportedInterfaceOrientations_iPad = "UIInterfaceOrientationPortrait UIInterfaceOrientationPortraitUpsideDown UIInterfaceOrientationLandscapeLeft UIInterfaceOrientationLandscapeRight";
				INFOPLIST_KEY_UISupportedInterfaceOrientations_iPhone = "UIInterfaceOrientationPortrait UIInterfaceOrientationLandscapeLeft UIInterfaceOrientationLandscapeRight";
				LD_RUNPATH_SEARCH_PATHS = (
					"$(inherited)",
					"@executable_path/Frameworks",
				);
				MARKETING_VERSION = 1.0;
				PRODUCT_BUNDLE_IDENTIFIER = "com.jonahaung.Myanmar-Lens-2";
				PRODUCT_NAME = "$(TARGET_NAME)";
				SWIFT_EMIT_LOC_STRINGS = YES;
				SWIFT_VERSION = 5.0;
				TARGETED_DEVICE_FAMILY = "1,2";
			};
			name = Release;
		};
/* End XCBuildConfiguration section */

/* Begin XCConfigurationList section */
		4747828A2816365F00B3B6C4 /* Build configuration list for PBXProject "Myanmar_Lens_2" */ = {
			isa = XCConfigurationList;
			buildConfigurations = (
				474782A02816366100B3B6C4 /* Debug */,
				474782A12816366100B3B6C4 /* Release */,
			);
			defaultConfigurationIsVisible = 0;
			defaultConfigurationName = Release;
		};
		474782A22816366100B3B6C4 /* Build configuration list for PBXNativeTarget "Myanmar_Lens_2" */ = {
			isa = XCConfigurationList;
			buildConfigurations = (
				474782A32816366100B3B6C4 /* Debug */,
				474782A42816366100B3B6C4 /* Release */,
			);
			defaultConfigurationIsVisible = 0;
			defaultConfigurationName = Release;
		};
/* End XCConfigurationList section */

/* Begin XCRemoteSwiftPackageReference section */
		474782A82816379400B3B6C4 /* XCRemoteSwiftPackageReference "Translator" */ = {
			isa = XCRemoteSwiftPackageReference;
			repositoryURL = "https://github.com/jonahaung/Translator";
			requirement = {
				branch = main;
				kind = branch;
			};
		};
/* End XCRemoteSwiftPackageReference section */

/* Begin XCSwiftPackageProductDependency section */
		474782A92816379400B3B6C4 /* Translator */ = {
			isa = XCSwiftPackageProductDependency;
			package = 474782A82816379400B3B6C4 /* XCRemoteSwiftPackageReference "Translator" */;
			productName = Translator;
		};
/* End XCSwiftPackageProductDependency section */

/* Begin XCVersionGroup section */
		4747829D2816366100B3B6C4 /* Myanmar_Lens_2.xcdatamodeld */ = {
			isa = XCVersionGroup;
			children = (
				4747829E2816366100B3B6C4 /* Myanmar_Lens_2.xcdatamodel */,
			);
			currentVersion = 4747829E2816366100B3B6C4 /* Myanmar_Lens_2.xcdatamodel */;
			path = Myanmar_Lens_2.xcdatamodeld;
			sourceTree = "<group>";
			versionGroupType = wrapper.xcdatamodel;
		};
/* End XCVersionGroup section */
	};
	rootObject = 474782872816365F00B3B6C4 /* Project object */;
}
